<?xml version="1.0" encoding="utf-8"?>
<Project ToolsVersion="4.0" xmlns="http://schemas.microsoft.com/developer/msbuild/2003">
  <ItemGroup>
    <Filter Include="Source Files">
      <UniqueIdentifier>{4FC737F1-C7A5-4376-A066-2A32D752A2FF}</UniqueIdentifier>
      <Extensions>cpp;c;cc;cxx;c++;cppm;ixx;def;odl;idl;hpj;bat;asm;asmx</Extensions>
    </Filter>
    <Filter Include="Header Files">
      <UniqueIdentifier>{93995380-89BD-4b04-88EB-625FBE52EBFB}</UniqueIdentifier>
      <Extensions>h;hh;hpp;hxx;h++;hm;inl;inc;ipp;xsd</Extensions>
    </Filter>
    <Filter Include="Resource Files">
      <UniqueIdentifier>{67DA6AB6-F800-4c08-8B7A-83BB121AAD01}</UniqueIdentifier>
      <Extensions>rc;ico;cur;bmp;dlg;rc2;rct;bin;rgs;gif;jpg;jpeg;jpe;resx;tiff;tif;png;wav;mfcribbon-ms</Extensions>
    </Filter>
    <Filter Include="Header Files\pieces">
      <UniqueIdentifier>{0bf6217c-5901-4d25-8d03-5740ed882a05}</UniqueIdentifier>
    </Filter>
    <Filter Include="Resource Files\white">
      <UniqueIdentifier>{d46894e8-3391-4d9f-9ab9-9dc39924aa76}</UniqueIdentifier>
    </Filter>
    <Filter Include="Resource Files\black">
      <UniqueIdentifier>{426b2929-e4dd-46c1-b0f1-13f3762653d9}</UniqueIdentifier>
    </Filter>
  </ItemGroup>
  <ItemGroup>
    <ClCompile Include="source.cpp">
      <Filter>Source Files</Filter>
    </ClCompile>
    <ClCompile Include="Juicer.h">
      <Filter>Header Files\pieces</Filter>
    </ClCompile>
    <ClCompile Include="Pawn.h">
      <Filter>Header Files\pieces</Filter>
    </ClCompile>
  </ItemGroup>
  <ItemGroup>
    <ClInclude Include="Bishop.h">
      <Filter>Header Files\pieces</Filter>
    </ClInclude>
    <ClInclude Include="Knight.h">
      <Filter>Header Files\pieces</Filter>
    </ClInclude>
    <ClInclude Include="Rook.h">
      <Filter>Header Files\pieces</Filter>
    </ClInclude>
    <ClInclude Include="King.h">
      <Filter>Header Files\pieces</Filter>
    </ClInclude>
    <ClInclude Include="Board.h">
      <Filter>Header Files</Filter>
    </ClInclude>
    <ClInclude Include="Cell.h">
      <Filter>Header Files</Filter>
    </ClInclude>
    <ClInclude Include="Queen.h">
      <Filter>Header Files\pieces</Filter>
    </ClInclude>
    <ClInclude Include="GameManager.h">
      <Filter>Source Files</Filter>
    </ClInclude>
  </ItemGroup>
  <ItemGroup>
    <Text Include="Setup.txt">
      <Filter>Resource Files</Filter>
    </Text>
  </ItemGroup>
  <ItemGroup>
    <Image Include="white\bishop.png">
      <Filter>Resource Files\white</Filter>
    </Image>
    <Image Include="white\king.png">
      <Filter>Resource Files\white</Filter>
    </Image>
    <Image Include="white\knight.png">
      <Filter>Resource Files\white</Filter>
    </Image>
    <Image Include="white\pawn.png">
      <Filter>Resource Files\white</Filter>
    </Image>
    <Image Include="white\queen.png">
      <Filter>Resource Files\white</Filter>
    </Image>
    <Image Include="white\rook.png">
      <Filter>Resource Files\white</Filter>
    </Image>
    <Image Include="black\bishop.png">
      <Filter>Resource Files\black</Filter>
    </Image>
    <Image Include="black\king.png">
      <Filter>Resource Files\black</Filter>
    </Image>
    <Image Include="black\knight.png">
      <Filter>Resource Files\black</Filter>
    </Image>
    <Image Include="black\pawn.png">
      <Filter>Resource Files\black</Filter>
    </Image>
    <Image Include="black\queen.png">
      <Filter>Resource Files\black</Filter>
    </Image>
    <Image Include="black\rook.png">
      <Filter>Resource Files\black</Filter>
    </Image>
  </ItemGroup>
</Project>